
Microsoft Visual Studio Solution File, Format Version 12.00
# Visual Studio Version 17
VisualStudioVersion = 17.2.32616.157
MinimumVisualStudioVersion = 10.0.40219.1
Project("{FAE04EC0-301F-11D3-BF4B-00C04F79EFBC}") = "FormMercado", "FormMercado\FormMercado.csproj", "{6C113EDC-8F12-4F6A-B1DE-9BDC75C1E70E}"
EndProject
Global
	GlobalSection(SolutionConfigurationPlatforms) = preSolution
		Debug|Any CPU = Debug|Any CPU
		Release|Any CPU = Release|Any CPU
	EndGlobalSection
	GlobalSection(ProjectConfigurationPlatforms) = postSolution
		{6C113EDC-8F12-4F6A-B1DE-9BDC75C1E70E}.Debug|Any CPU.ActiveCfg = Debug|Any CPU
		{6C113EDC-8F12-4F6A-B1DE-9BDC75C1E70E}.Debug|Any CPU.Build.0 = Debug|Any CPU
		{6C113EDC-8F12-4F6A-B1DE-9BDC75C1E70E}.Release|Any CPU.ActiveCfg = Release|Any CPU
		{6C113EDC-8F12-4F6A-B1DE-9BDC75C1E70E}.Release|Any CPU.Build.0 = Release|Any CPU
	EndGlobalSection
	GlobalSection(SolutionProperties) = preSolution
		HideSolutionNode = FALSE
	EndGlobalSection
	GlobalSection(ExtensibilityGlobals) = postSolution
		SolutionGuid = {045CECC3-EC9D-41F9-A732-4829531B4503}
	EndGlobalSection
EndGlobal
